lockfileVersion: '6.0'

devDependencies:
  esm:
    specifier: ^3.2.25
    version: 3.2.25
  prettier:
    specifier: ^3.0.3
    version: 3.0.3
  rollup:
    specifier: ^4.3.0
    version: 4.3.0

packages:

  /@rollup/rollup-android-arm-eabi@4.3.0:
    resolution: {integrity: sha512-/4pns6BYi8MXdwnXM44yoGAcFYVHL/BYlB2q1HXZ6AzH++LaiEVWFpBWQ/glXhbMbv3E3o09igrHFbP/snhAvA==}
    cpu: [arm]
    os: [android]
    requiresBuild: true
    dev: true
    optional: true

  /@rollup/rollup-android-arm64@4.3.0:
    resolution: {integrity: sha512-nLO/JsL9idr416vzi3lHm3Xm+QZh4qHij8k3Er13kZr5YhL7/+kBAx84kDmPc7HMexLmwisjDCeDIKNFp8mDlQ==}
    cpu: [arm64]
    os: [android]
    requiresBuild: true
    dev: true
    optional: true

  /@rollup/rollup-darwin-arm64@4.3.0:
    resolution: {integrity: sha512-dGhVBlllt4iHwTGy21IEoMOTN5wZoid19zEIxsdY29xcEiOEHqzDa7Sqrkh5OE7LKCowL61eFJXxYe/+pYa7ZQ==}
    cpu: [arm64]
    os: [darwin]
    requiresBuild: true
    dev: true
    optional: true

  /@rollup/rollup-darwin-x64@4.3.0:
    resolution: {integrity: sha512-h8wRfHeLEbU3NzaP1Oku7BYXCJQiTRr+8U0lklyOQXxXiEpHLL8tk1hFl+tezoRKLcPJD7joKaK74ASsqt3Ekg==}
    cpu: [x64]
    os: [darwin]
    requiresBuild: true
    dev: true
    optional: true

  /@rollup/rollup-linux-arm-gnueabihf@4.3.0:
    resolution: {integrity: sha512-wP4VgR/gfV18sylTuym3sxRTkAgUR2vh6YLeX/GEznk5jCYcYSlx585XlcUcl0c8UffIZlRJ09raWSX3JDb4GA==}
    cpu: [arm]
    os: [linux]
    requiresBuild: true
    dev: true
    optional: true

  /@rollup/rollup-linux-arm64-gnu@4.3.0:
    resolution: {integrity: sha512-v/14JCYVkqRSJeQbxFx4oUkwVQQw6lFMN7bd4vuARBc3X2lmomkxBsc+BFiIDL/BK+CTx5AOh/k9XmqDnKWRVg==}
    cpu: [arm64]
    os: [linux]
    requiresBuild: true
    dev: true
    optional: true

  /@rollup/rollup-linux-arm64-musl@4.3.0:
    resolution: {integrity: sha512-tNhfYqFH5OxtRzfkTOKdgFYlPSZnlDLNW4+leNEvQZhwTJxoTwsZAAhR97l3qVry/kkLyJPBK+Q8EAJLPinDIg==}
    cpu: [arm64]
    os: [linux]
    requiresBuild: true
    dev: true
    optional: true

  /@rollup/rollup-linux-x64-gnu@4.3.0:
    resolution: {integrity: sha512-pw77m8QywdsoFdFOgmc8roF1inBI0rciqzO8ffRUgLoq7+ee9o5eFqtEcS6hHOOplgifAUUisP8cAnwl9nUYPw==}
    cpu: [x64]
    os: [linux]
    requiresBuild: true
    dev: true
    optional: true

  /@rollup/rollup-linux-x64-musl@4.3.0:
    resolution: {integrity: sha512-tJs7v2MnV2F8w6X1UpPHl/43OfxjUy9SuJ2ZPoxn79v9vYteChVYO/ueLHCpRMmyTUIVML3N9z4azl9ENH8Xxg==}
    cpu: [x64]
    os: [linux]
    requiresBuild: true
    dev: true
    optional: true

  /@rollup/rollup-win32-arm64-msvc@4.3.0:
    resolution: {integrity: sha512-OKGxp6kATQdTyI2DF+e9s+hB3/QZB45b6e+dzcfW1SUqiF6CviWyevhmT4USsMEdP3mlpC9zxLz3Oh+WaTMOSw==}
    cpu: [arm64]
    os: [win32]
    requiresBuild: true
    dev: true
    optional: true

  /@rollup/rollup-win32-ia32-msvc@4.3.0:
    resolution: {integrity: sha512-DDZ5AH68JJ2ClQFEA1aNnfA7Ybqyeh0644rGbrLOdNehTmzfICHiWSn0OprzYi9HAshTPQvlwrM+bi2kuaIOjQ==}
    cpu: [ia32]
    os: [win32]
    requiresBuild: true
    dev: true
    optional: true

  /@rollup/rollup-win32-x64-msvc@4.3.0:
    resolution: {integrity: sha512-dMvGV8p92GQ8jhNlGIKpyhVZPzJlT258pPrM5q2F8lKcc9Iv9BbfdnhX1OfinYWnb9ms5zLw6MlaMnqLfUkKnQ==}
    cpu: [x64]
    os: [win32]
    requiresBuild: true
    dev: true
    optional: true

  /esm@3.2.25:
    resolution: {integrity: sha512-U1suiZ2oDVWv4zPO56S0NcR5QriEahGtdN2OR6FiOG4WJvcjBVFB0qI4+eKoWFH483PKGuLuu6V8Z4T5g63UVA==}
    engines: {node: '>=6'}
    dev: true

  /fsevents@2.3.3:
    resolution: {integrity: sha512-5xoDfX+fL7faATnagmWPpbFtwh/R77WmMMqqHGS65C3vvB0YHrgF+B1YmZ3441tMj5n63k0212XNoJwzlhffQw==}
    engines: {node: ^8.16.0 || ^10.6.0 || >=11.0.0}
    os: [darwin]
    requiresBuild: true
    dev: true
    optional: true

  /prettier@3.0.3:
    resolution: {integrity: sha512-L/4pUDMxcNa8R/EthV08Zt42WBO4h1rarVtK0K+QJG0X187OLo7l699jWw0GKuwzkPQ//jMFA/8Xm6Fh3J/DAg==}
    engines: {node: '>=14'}
    hasBin: true
    dev: true

  /rollup@4.3.0:
    resolution: {integrity: sha512-scIi1NrKLDIYSPK66jjECtII7vIgdAMFmFo8h6qm++I6nN9qDSV35Ku6erzGVqYjx+lj+j5wkusRMr++8SyDZg==}
    engines: {node: '>=18.0.0', npm: '>=8.0.0'}
    hasBin: true
    optionalDependencies:
      '@rollup/rollup-android-arm-eabi': 4.3.0
      '@rollup/rollup-android-arm64': 4.3.0
      '@rollup/rollup-darwin-arm64': 4.3.0
      '@rollup/rollup-darwin-x64': 4.3.0
      '@rollup/rollup-linux-arm-gnueabihf': 4.3.0
      '@rollup/rollup-linux-arm64-gnu': 4.3.0
      '@rollup/rollup-linux-arm64-musl': 4.3.0
      '@rollup/rollup-linux-x64-gnu': 4.3.0
      '@rollup/rollup-linux-x64-musl': 4.3.0
      '@rollup/rollup-win32-arm64-msvc': 4.3.0
      '@rollup/rollup-win32-ia32-msvc': 4.3.0
      '@rollup/rollup-win32-x64-msvc': 4.3.0
      fsevents: 2.3.3
    dev: true
